
Microsoft Visual Studio Solution File, Format Version 12.00
Project("{FAE04EC0-301F-11D3-BF4B-00C04F79EFBC}") = "Amba.PasswordGenerator", "Amba.PasswordGenerator\Amba.PasswordGenerator.csproj", "{4112F8FE-DD02-4464-9752-26F9979205A8}"
EndProject
Project("{FAE04EC0-301F-11D3-BF4B-00C04F79EFBC}") = "Amba.PasswordGenerator.Test", "Amba.PasswordGenerator.Test\Amba.PasswordGenerator.Test.csproj", "{41F7218F-7410-4F48-B19A-9DF492056612}"
EndProject
Global
	GlobalSection(SolutionConfigurationPlatforms) = preSolution
		Debug|Any CPU = Debug|Any CPU
		Release|Any CPU = Release|Any CPU
	EndGlobalSection
	GlobalSection(ProjectConfigurationPlatforms) = postSolution
		{4112F8FE-DD02-4464-9752-26F9979205A8}.Debug|Any CPU.ActiveCfg = Debug|Any CPU
		{4112F8FE-DD02-4464-9752-26F9979205A8}.Debug|Any CPU.Build.0 = Debug|Any CPU
		{4112F8FE-DD02-4464-9752-26F9979205A8}.Release|Any CPU.ActiveCfg = Release|Any CPU
		{4112F8FE-DD02-4464-9752-26F9979205A8}.Release|Any CPU.Build.0 = Release|Any CPU
		{41F7218F-7410-4F48-B19A-9DF492056612}.Debug|Any CPU.ActiveCfg = Debug|Any CPU
		{41F7218F-7410-4F48-B19A-9DF492056612}.Debug|Any CPU.Build.0 = Debug|Any CPU
		{41F7218F-7410-4F48-B19A-9DF492056612}.Release|Any CPU.ActiveCfg = Release|Any CPU
		{41F7218F-7410-4F48-B19A-9DF492056612}.Release|Any CPU.Build.0 = Release|Any CPU
	EndGlobalSection
EndGlobal
